
Microsoft Visual Studio Solution File, Format Version 12.00
# Visual Studio Version 17
VisualStudioVersion = 17.14.37314.3 d17.14
MinimumVisualStudioVersion = 10.0.40219.1
Project("{FAE04EC0-301F-11D3-BF4B-00C04F79EFBC}") = "CS01_Paitent_Registartion", "CS01_Paitent_Registartion\CS01_Paitent_Registartion.csproj", "{B79AC348-FF4F-464B-AAEE-FA96C1879D49}"
EndProject
Global
	GlobalSection(SolutionConfigurationPlatforms) = preSolution
		Debug|Any CPU = Debug|Any CPU
		Release|Any CPU = Release|Any CPU
	EndGlobalSection
	GlobalSection(ProjectConfigurationPlatforms) = postSolution
		{B79AC348-FF4F-464B-AAEE-FA96C1879D49}.Debug|Any CPU.ActiveCfg = Debug|Any CPU
		{B79AC348-FF4F-464B-AAEE-FA96C1879D49}.Debug|Any CPU.Build.0 = Debug|Any CPU
		{B79AC348-FF4F-464B-AAEE-FA96C1879D49}.Release|Any CPU.ActiveCfg = Release|Any CPU
		{B79AC348-FF4F-464B-AAEE-FA96C1879D49}.Release|Any CPU.Build.0 = Release|Any CPU
	EndGlobalSection
	GlobalSection(SolutionProperties) = preSolution
		HideSolutionNode = FALSE
	EndGlobalSection
	GlobalSection(ExtensibilityGlobals) = postSolution
		SolutionGuid = {14D716AF-A751-4117-A593-9A67A62E8773}
	EndGlobalSection
EndGlobal
