
Microsoft Visual Studio Solution File, Format Version 12.00
# Visual Studio Version 17
VisualStudioVersion = 17.14.37314.3 d17.14
MinimumVisualStudioVersion = 10.0.40219.1
Project("{FAE04EC0-301F-11D3-BF4B-00C04F79EFBC}") = "EHRMvcAuditLedgerDemo", "EHRMvcAuditLedgerDemo\EHRMvcAuditLedgerDemo.csproj", "{07AC7F38-6F99-4E4C-A181-29EE63F0C5B8}"
EndProject
Global
	GlobalSection(SolutionConfigurationPlatforms) = preSolution
		Debug|Any CPU = Debug|Any CPU
		Release|Any CPU = Release|Any CPU
	EndGlobalSection
	GlobalSection(ProjectConfigurationPlatforms) = postSolution
		{07AC7F38-6F99-4E4C-A181-29EE63F0C5B8}.Debug|Any CPU.ActiveCfg = Debug|Any CPU
		{07AC7F38-6F99-4E4C-A181-29EE63F0C5B8}.Debug|Any CPU.Build.0 = Debug|Any CPU
		{07AC7F38-6F99-4E4C-A181-29EE63F0C5B8}.Release|Any CPU.ActiveCfg = Release|Any CPU
		{07AC7F38-6F99-4E4C-A181-29EE63F0C5B8}.Release|Any CPU.Build.0 = Release|Any CPU
	EndGlobalSection
	GlobalSection(SolutionProperties) = preSolution
		HideSolutionNode = FALSE
	EndGlobalSection
	GlobalSection(ExtensibilityGlobals) = postSolution
		SolutionGuid = {1D55C146-D8B2-40CB-BEAD-56E98A7E6A18}
	EndGlobalSection
EndGlobal
