
Microsoft Visual Studio Solution File, Format Version 12.00
# Visual Studio Version 17
VisualStudioVersion = 17.14.37314.3 d17.14
MinimumVisualStudioVersion = 10.0.40219.1
Project("{FAE04EC0-301F-11D3-BF4B-00C04F79EFBC}") = "CS2_APPOINTMENT_SCHEDULING", "CS2_APPOINTMENT_SCHEDULING\CS2_APPOINTMENT_SCHEDULING.csproj", "{65DEC653-06CC-43CE-83CF-A1D43893831B}"
EndProject
Global
	GlobalSection(SolutionConfigurationPlatforms) = preSolution
		Debug|Any CPU = Debug|Any CPU
		Release|Any CPU = Release|Any CPU
	EndGlobalSection
	GlobalSection(ProjectConfigurationPlatforms) = postSolution
		{65DEC653-06CC-43CE-83CF-A1D43893831B}.Debug|Any CPU.ActiveCfg = Debug|Any CPU
		{65DEC653-06CC-43CE-83CF-A1D43893831B}.Debug|Any CPU.Build.0 = Debug|Any CPU
		{65DEC653-06CC-43CE-83CF-A1D43893831B}.Release|Any CPU.ActiveCfg = Release|Any CPU
		{65DEC653-06CC-43CE-83CF-A1D43893831B}.Release|Any CPU.Build.0 = Release|Any CPU
	EndGlobalSection
	GlobalSection(SolutionProperties) = preSolution
		HideSolutionNode = FALSE
	EndGlobalSection
	GlobalSection(ExtensibilityGlobals) = postSolution
		SolutionGuid = {47996196-D4CD-43EA-ADE3-71AB305B7156}
	EndGlobalSection
EndGlobal
